
Microsoft Visual Studio Solution File, Format Version 12.00
# Visual Studio Version 16
VisualStudioVersion = 16.0.29905.134
MinimumVisualStudioVersion = 10.0.40219.1
Project("{FAE04EC0-301F-11D3-BF4B-00C04F79EFBC}") = "MyAccess", "MyAccess.csproj", "{09B5BC5A-901F-4D08-98CC-AF3CB5277402}"
EndProject
Project("{FAE04EC0-301F-11D3-BF4B-00C04F79EFBC}") = "TestProjectOne", "..\TestProjectOne\TestProjectOne.csproj", "{CF5A0687-D34C-4C12-A0DA-3B4F51B63B38}"
EndProject
Global
	GlobalSection(SolutionConfigurationPlatforms) = preSolution
		Debug|Any CPU = Debug|Any CPU
		Release|Any CPU = Release|Any CPU
	EndGlobalSection
	GlobalSection(ProjectConfigurationPlatforms) = postSolution
		{09B5BC5A-901F-4D08-98CC-AF3CB5277402}.Debug|Any CPU.ActiveCfg = Debug|Any CPU
		{09B5BC5A-901F-4D08-98CC-AF3CB5277402}.Debug|Any CPU.Build.0 = Debug|Any CPU
		{09B5BC5A-901F-4D08-98CC-AF3CB5277402}.Release|Any CPU.ActiveCfg = Release|Any CPU
		{09B5BC5A-901F-4D08-98CC-AF3CB5277402}.Release|Any CPU.Build.0 = Release|Any CPU
		{CF5A0687-D34C-4C12-A0DA-3B4F51B63B38}.Debug|Any CPU.ActiveCfg = Debug|Any CPU
		{CF5A0687-D34C-4C12-A0DA-3B4F51B63B38}.Debug|Any CPU.Build.0 = Debug|Any CPU
		{CF5A0687-D34C-4C12-A0DA-3B4F51B63B38}.Release|Any CPU.ActiveCfg = Release|Any CPU
		{CF5A0687-D34C-4C12-A0DA-3B4F51B63B38}.Release|Any CPU.Build.0 = Release|Any CPU
	EndGlobalSection
	GlobalSection(SolutionProperties) = preSolution
		HideSolutionNode = FALSE
	EndGlobalSection
	GlobalSection(ExtensibilityGlobals) = postSolution
		SolutionGuid = {691CA048-9568-492D-9E61-D6EAB7779AF0}
	EndGlobalSection
EndGlobal
